
Microsoft Visual Studio Solution File, Format Version 12.00
# Visual Studio 15
VisualStudioVersion = 15.0.27428.2043
MinimumVisualStudioVersion = 10.0.40219.1
Project("{FAE04EC0-301F-11D3-BF4B-00C04F79EFBC}") = "ClientCassiere", "ClientCassiere\ClientCassiere.csproj", "{37568196-5461-4F98-A49A-2BA8422AB731}"
EndProject
Global
	GlobalSection(SolutionConfigurationPlatforms) = preSolution
		Debug|Any CPU = Debug|Any CPU
		Release|Any CPU = Release|Any CPU
	EndGlobalSection
	GlobalSection(ProjectConfigurationPlatforms) = postSolution
		{37568196-5461-4F98-A49A-2BA8422AB731}.Debug|Any CPU.ActiveCfg = Debug|Any CPU
		{37568196-5461-4F98-A49A-2BA8422AB731}.Debug|Any CPU.Build.0 = Debug|Any CPU
		{37568196-5461-4F98-A49A-2BA8422AB731}.Release|Any CPU.ActiveCfg = Release|Any CPU
		{37568196-5461-4F98-A49A-2BA8422AB731}.Release|Any CPU.Build.0 = Release|Any CPU
	EndGlobalSection
	GlobalSection(SolutionProperties) = preSolution
		HideSolutionNode = FALSE
	EndGlobalSection
	GlobalSection(ExtensibilityGlobals) = postSolution
		SolutionGuid = {1D7C521A-8582-412A-9FF7-B41D661C9AA3}
	EndGlobalSection
EndGlobal
